
Microsoft Visual Studio Solution File, Format Version 12.00
# Visual Studio Version 16
VisualStudioVersion = 16.0.31729.503
MinimumVisualStudioVersion = 10.0.40219.1
Project("{FAE04EC0-301F-11D3-BF4B-00C04F79EFBC}") = "Febonacci", "Febonacci\Febonacci.csproj", "{5236F622-F19B-4BFE-8F15-24B06B3639DC}"
EndProject
Global
	GlobalSection(SolutionConfigurationPlatforms) = preSolution
		Debug|Any CPU = Debug|Any CPU
		Release|Any CPU = Release|Any CPU
	EndGlobalSection
	GlobalSection(ProjectConfigurationPlatforms) = postSolution
		{5236F622-F19B-4BFE-8F15-24B06B3639DC}.Debug|Any CPU.ActiveCfg = Debug|Any CPU
		{5236F622-F19B-4BFE-8F15-24B06B3639DC}.Debug|Any CPU.Build.0 = Debug|Any CPU
		{5236F622-F19B-4BFE-8F15-24B06B3639DC}.Release|Any CPU.ActiveCfg = Release|Any CPU
		{5236F622-F19B-4BFE-8F15-24B06B3639DC}.Release|Any CPU.Build.0 = Release|Any CPU
	EndGlobalSection
	GlobalSection(SolutionProperties) = preSolution
		HideSolutionNode = FALSE
	EndGlobalSection
	GlobalSection(ExtensibilityGlobals) = postSolution
		SolutionGuid = {005DA523-2697-4CE1-9E23-3F5A511FFFCE}
	EndGlobalSection
EndGlobal
